
Microsoft Visual Studio Solution File, Format Version 12.00
# Visual Studio Version 16
VisualStudioVersion = 16.0.30104.148
MinimumVisualStudioVersion = 10.0.40219.1
Project("{FAE04EC0-301F-11D3-BF4B-00C04F79EFBC}") = "IGPaint", "IGPaint\IGPaint.csproj", "{02AEE56D-71A6-4462-9A18-F63E402592FF}"
EndProject
Global
	GlobalSection(SolutionConfigurationPlatforms) = preSolution
		Debug|Any CPU = Debug|Any CPU
		Release|Any CPU = Release|Any CPU
	EndGlobalSection
	GlobalSection(ProjectConfigurationPlatforms) = postSolution
		{02AEE56D-71A6-4462-9A18-F63E402592FF}.Debug|Any CPU.ActiveCfg = Debug|Any CPU
		{02AEE56D-71A6-4462-9A18-F63E402592FF}.Debug|Any CPU.Build.0 = Debug|Any CPU
		{02AEE56D-71A6-4462-9A18-F63E402592FF}.Release|Any CPU.ActiveCfg = Release|Any CPU
		{02AEE56D-71A6-4462-9A18-F63E402592FF}.Release|Any CPU.Build.0 = Release|Any CPU
	EndGlobalSection
	GlobalSection(SolutionProperties) = preSolution
		HideSolutionNode = FALSE
	EndGlobalSection
	GlobalSection(ExtensibilityGlobals) = postSolution
		SolutionGuid = {5E512D46-4739-4052-B850-BA5BC486656A}
	EndGlobalSection
EndGlobal
