
Microsoft Visual Studio Solution File, Format Version 12.00
# Visual Studio Version 16
VisualStudioVersion = 16.0.30104.148
MinimumVisualStudioVersion = 10.0.40219.1
Project("{FAE04EC0-301F-11D3-BF4B-00C04F79EFBC}") = "ProjectManager", "ProjectManager\ProjectManager.csproj", "{8FDC3E60-84F8-44D6-AF74-FEE98F148CB2}"
EndProject
Global
	GlobalSection(SolutionConfigurationPlatforms) = preSolution
		Debug|Any CPU = Debug|Any CPU
		Release|Any CPU = Release|Any CPU
	EndGlobalSection
	GlobalSection(ProjectConfigurationPlatforms) = postSolution
		{8FDC3E60-84F8-44D6-AF74-FEE98F148CB2}.Debug|Any CPU.ActiveCfg = Debug|Any CPU
		{8FDC3E60-84F8-44D6-AF74-FEE98F148CB2}.Debug|Any CPU.Build.0 = Debug|Any CPU
		{8FDC3E60-84F8-44D6-AF74-FEE98F148CB2}.Release|Any CPU.ActiveCfg = Release|Any CPU
		{8FDC3E60-84F8-44D6-AF74-FEE98F148CB2}.Release|Any CPU.Build.0 = Release|Any CPU
	EndGlobalSection
	GlobalSection(SolutionProperties) = preSolution
		HideSolutionNode = FALSE
	EndGlobalSection
	GlobalSection(ExtensibilityGlobals) = postSolution
		SolutionGuid = {269C8836-10A1-4B82-82CF-C344E84DA722}
	EndGlobalSection
EndGlobal
